# This file is automatically @generated by Poetry 2.1.3 and should not be changed by hand.

[[package]]
name = "asttokens"
version = "3.0.0"
description = "Annotate AST trees with source code positions"
optional = false
python-versions = ">=3.8"
groups = ["dev"]
files = [
    {file = "asttokens-3.0.0-py3-none-any.whl", hash = "sha256:e3078351a059199dd5138cb1c706e6430c05eff2ff136af5eb4790f9d28932e2"},
    {file = "asttokens-3.0.0.tar.gz", hash = "sha256:0dcd8baa8d62b0c1d118b399b2ddba3c4aff271d0d7a9e0d4c1681c79035bbc7"},
]

[package.extras]
astroid = ["astroid (>=2,<4)"]
test = ["astroid (>=2,<4)", "pytest", "pytest-cov", "pytest-xdist"]

[[package]]
name = "basedpyright"
version = "1.29.2"
description = "static type checking for Python (but based)"
optional = false
python-versions = ">=3.8"
groups = ["dev"]
files = [
    {file = "basedpyright-1.29.2-py3-none-any.whl", hash = "sha256:f389e2997de33d038c5065fd85bff351fbdc62fa6d6371c7b947fc3bce8d437d"},
    {file = "basedpyright-1.29.2.tar.gz", hash = "sha256:12c49186003b9f69a028615da883ef97035ea2119a9e3f93a00091b3a27088a6"},
]

[package.dependencies]
nodejs-wheel-binaries = ">=20.13.1"

[[package]]
name = "click"
version = "8.2.1"
description = "Composable command line interface toolkit"
optional = false
python-versions = ">=3.10"
groups = ["main"]
files = [
    {file = "click-8.2.1-py3-none-any.whl", hash = "sha256:61a3265b914e850b85317d0b3109c7f8cd35a670f963866005d6ef1d5175a12b"},
    {file = "click-8.2.1.tar.gz", hash = "sha256:27c491cc05d968d271d5a1db13e3b5a184636d9d930f148c50b038f0d0646202"},
]

[package.dependencies]
colorama = {version = "*", markers = "platform_system == \"Windows\""}

[[package]]
name = "colorama"
version = "0.4.6"
description = "Cross-platform colored terminal text."
optional = false
python-versions = "!=3.0.*,!=3.1.*,!=3.2.*,!=3.3.*,!=3.4.*,!=3.5.*,!=3.6.*,>=2.7"
groups = ["main", "dev"]
files = [
    {file = "colorama-0.4.6-py2.py3-none-any.whl", hash = "sha256:4f1d9991f5acc0ca119f9d443620b77f9d6b33703e51011c16baf57afb285fc6"},
    {file = "colorama-0.4.6.tar.gz", hash = "sha256:08695f5cb7ed6e0531a20572697297273c47b8cae5a63ffc6d6ed5c201be6e44"},
]
markers = {main = "platform_system == \"Windows\""}

[[package]]
name = "evdev"
version = "1.9.2"
description = "Bindings to the Linux input handling subsystem"
optional = false
python-versions = ">=3.8"
groups = ["main"]
markers = "\"linux\" in sys_platform"
files = [
    {file = "evdev-1.9.2.tar.gz", hash = "sha256:5d3278892ce1f92a74d6bf888cc8525d9f68af85dbe336c95d1c87fb8f423069"},
]

[[package]]
name = "executing"
version = "2.2.0"
description = "Get the currently executing AST node of a frame, and other information"
optional = false
python-versions = ">=3.8"
groups = ["dev"]
files = [
    {file = "executing-2.2.0-py2.py3-none-any.whl", hash = "sha256:11387150cad388d62750327a53d3339fad4888b39a6fe233c3afbb54ecffd3aa"},
    {file = "executing-2.2.0.tar.gz", hash = "sha256:5d108c028108fe2551d1a7b2e8b713341e2cb4fc0aa7dcf966fa4327a5226755"},
]

[package.extras]
tests = ["asttokens (>=2.1.0)", "coverage", "coverage-enable-subprocess", "ipython", "littleutils", "pytest", "rich ; python_version >= \"3.11\""]

[[package]]
name = "icecream"
version = "2.1.4"
description = "Never use print() to debug again; inspect variables, expressions, and program execution with a single, simple function call."
optional = false
python-versions = "*"
groups = ["dev"]
files = [
    {file = "icecream-2.1.4-py3-none-any.whl", hash = "sha256:7bb715f69102cae871b3a361c3b656536db02cfcadac9664c673581cac4df4fd"},
    {file = "icecream-2.1.4.tar.gz", hash = "sha256:58755e58397d5350a76f25976dee7b607f5febb3c6e1cddfe6b1951896e91573"},
]

[package.dependencies]
asttokens = ">=2.0.1"
colorama = ">=0.3.9"
executing = ">=2.1.0"
pygments = ">=2.2.0"

[[package]]
name = "markdown-it-py"
version = "3.0.0"
description = "Python port of markdown-it. Markdown parsing, done right!"
optional = false
python-versions = ">=3.8"
groups = ["main"]
files = [
    {file = "markdown-it-py-3.0.0.tar.gz", hash = "sha256:e3f60a94fa066dc52ec76661e37c851cb232d92f9886b15cb560aaada2df8feb"},
    {file = "markdown_it_py-3.0.0-py3-none-any.whl", hash = "sha256:355216845c60bd96232cd8d8c40e8f9765cc86f46880e43a8fd22dc1a1a8cab1"},
]

[package.dependencies]
mdurl = ">=0.1,<1.0"

[package.extras]
benchmarking = ["psutil", "pytest", "pytest-benchmark"]
code-style = ["pre-commit (>=3.0,<4.0)"]
compare = ["commonmark (>=0.9,<1.0)", "markdown (>=3.4,<4.0)", "mistletoe (>=1.0,<2.0)", "mistune (>=2.0,<3.0)", "panflute (>=2.3,<3.0)"]
linkify = ["linkify-it-py (>=1,<3)"]
plugins = ["mdit-py-plugins"]
profiling = ["gprof2dot"]
rtd = ["jupyter_sphinx", "mdit-py-plugins", "myst-parser", "pyyaml", "sphinx", "sphinx-copybutton", "sphinx-design", "sphinx_book_theme"]
testing = ["coverage", "pytest", "pytest-cov", "pytest-regressions"]

[[package]]
name = "mdurl"
version = "0.1.2"
description = "Markdown URL utilities"
optional = false
python-versions = ">=3.7"
groups = ["main"]
files = [
    {file = "mdurl-0.1.2-py3-none-any.whl", hash = "sha256:84008a41e51615a49fc9966191ff91509e3c40b939176e643fd50a5c2196b8f8"},
    {file = "mdurl-0.1.2.tar.gz", hash = "sha256:bb413d29f5eea38f31dd4754dd7377d4465116fb207585f97bf925588687c1ba"},
]

[[package]]
name = "nodejs-wheel-binaries"
version = "22.16.0"
description = "unoffical Node.js package"
optional = false
python-versions = ">=3.7"
groups = ["dev"]
files = [
    {file = "nodejs_wheel_binaries-22.16.0-py2.py3-none-macosx_11_0_arm64.whl", hash = "sha256:986b715a96ed703f8ce0c15712f76fc42895cf09067d72b6ef29e8b334eccf64"},
    {file = "nodejs_wheel_binaries-22.16.0-py2.py3-none-macosx_11_0_x86_64.whl", hash = "sha256:4ae3cf22138891cb44c3ee952862a257ce082b098b29024d7175684a9a77b0c0"},
    {file = "nodejs_wheel_binaries-22.16.0-py2.py3-none-manylinux_2_17_aarch64.manylinux2014_aarch64.whl", hash = "sha256:71f2de4dc0b64ae43e146897ce811f80ac4f9acfbae6ccf814226282bf4ef174"},
    {file = "nodejs_wheel_binaries-22.16.0-py2.py3-none-manylinux_2_17_x86_64.manylinux2014_x86_64.whl", hash = "sha256:dbfccbcd558d2f142ccf66d8c3a098022bf4436db9525b5b8d32169ce185d99e"},
    {file = "nodejs_wheel_binaries-22.16.0-py2.py3-none-musllinux_1_2_aarch64.whl", hash = "sha256:447ad796850eb52ca20356ad39b2d296ed8fef3f214921f84a1ccdad49f2eba1"},
    {file = "nodejs_wheel_binaries-22.16.0-py2.py3-none-musllinux_1_2_x86_64.whl", hash = "sha256:7f526ca6a132b0caf633566a2a78c6985fe92857e7bfdb37380f76205a10b808"},
    {file = "nodejs_wheel_binaries-22.16.0-py2.py3-none-win_amd64.whl", hash = "sha256:2fffb4bf1066fb5f660da20819d754f1b424bca1b234ba0f4fa901c52e3975fb"},
    {file = "nodejs_wheel_binaries-22.16.0-py2.py3-none-win_arm64.whl", hash = "sha256:2728972d336d436d39ee45988978d8b5d963509e06f063e80fe41b203ee80b28"},
    {file = "nodejs_wheel_binaries-22.16.0.tar.gz", hash = "sha256:d695832f026df3a0cf9a089d222225939de9d1b67f8f0a353b79f015aabbe7e2"},
]

[[package]]
name = "pygments"
version = "2.19.1"
description = "Pygments is a syntax highlighting package written in Python."
optional = false
python-versions = ">=3.8"
groups = ["main", "dev"]
files = [
    {file = "pygments-2.19.1-py3-none-any.whl", hash = "sha256:9ea1544ad55cecf4b8242fab6dd35a93bbce657034b0611ee383099054ab6d8c"},
    {file = "pygments-2.19.1.tar.gz", hash = "sha256:61c16d2a8576dc0649d9f39e089b5f02bcd27fba10d8fb4dcc28173f7a45151f"},
]

[package.extras]
windows-terminal = ["colorama (>=0.4.6)"]

[[package]]
name = "pynput"
version = "1.8.1"
description = "Monitor and control user input devices"
optional = false
python-versions = "*"
groups = ["main"]
files = [
    {file = "pynput-1.8.1-py2.py3-none-any.whl", hash = "sha256:42dfcf27404459ca16ca889c8fb8ffe42a9fe54f722fd1a3e130728e59e768d2"},
    {file = "pynput-1.8.1.tar.gz", hash = "sha256:70d7c8373ee98911004a7c938742242840a5628c004573d84ba849d4601df81e"},
]

[package.dependencies]
evdev = {version = ">=1.3", markers = "\"linux\" in sys_platform"}
pyobjc-framework-ApplicationServices = {version = ">=8.0", markers = "sys_platform == \"darwin\""}
pyobjc-framework-Quartz = {version = ">=8.0", markers = "sys_platform == \"darwin\""}
python-xlib = {version = ">=0.17", markers = "\"linux\" in sys_platform"}
six = "*"

[[package]]
name = "pyobjc-core"
version = "11.0"
description = "Python<->ObjC Interoperability Module"
optional = false
python-versions = ">=3.8"
groups = ["main"]
markers = "sys_platform == \"darwin\""
files = [
    {file = "pyobjc_core-11.0-cp310-cp310-macosx_10_9_universal2.whl", hash = "sha256:10866b3a734d47caf48e456eea0d4815c2c9b21856157db5917b61dee06893a1"},
    {file = "pyobjc_core-11.0-cp311-cp311-macosx_10_9_universal2.whl", hash = "sha256:50675c0bb8696fe960a28466f9baf6943df2928a1fd85625d678fa2f428bd0bd"},
    {file = "pyobjc_core-11.0-cp312-cp312-macosx_10_13_universal2.whl", hash = "sha256:a03061d4955c62ddd7754224a80cdadfdf17b6b5f60df1d9169a3b1b02923f0b"},
    {file = "pyobjc_core-11.0-cp313-cp313-macosx_10_13_universal2.whl", hash = "sha256:c338c1deb7ab2e9436d4175d1127da2eeed4a1b564b3d83b9f3ae4844ba97e86"},
    {file = "pyobjc_core-11.0-cp313-cp313t-macosx_10_13_universal2.whl", hash = "sha256:b4e9dc4296110f251a4033ff3f40320b35873ea7f876bd29a1c9705bb5e08c59"},
    {file = "pyobjc_core-11.0-cp39-cp39-macosx_10_9_universal2.whl", hash = "sha256:02406ece449d0f41b31e579e47ca77ced3eb57533df955281bfcecc99da74fba"},
    {file = "pyobjc_core-11.0.tar.gz", hash = "sha256:63bced211cb8a8fb5c8ff46473603da30e51112861bd02c438fbbbc8578d9a70"},
]

[[package]]
name = "pyobjc-framework-applicationservices"
version = "11.0"
description = "Wrappers for the framework ApplicationServices on macOS"
optional = false
python-versions = ">=3.9"
groups = ["main"]
markers = "sys_platform == \"darwin\""
files = [
    {file = "pyobjc_framework_ApplicationServices-11.0-cp310-cp310-macosx_10_9_universal2.whl", hash = "sha256:bc8f34b5b59ffd3c210ae883d794345c1197558ff3da0f5800669cf16435271e"},
    {file = "pyobjc_framework_ApplicationServices-11.0-cp311-cp311-macosx_10_9_universal2.whl", hash = "sha256:61a99eef23abb704257310db4f5271137707e184768f6407030c01de4731b67b"},
    {file = "pyobjc_framework_ApplicationServices-11.0-cp312-cp312-macosx_10_13_universal2.whl", hash = "sha256:5fbeb425897d6129471d451ec61a29ddd5b1386eb26b1dd49cb313e34616ee21"},
    {file = "pyobjc_framework_ApplicationServices-11.0-cp313-cp313-macosx_10_13_universal2.whl", hash = "sha256:59becf3cd87a4f4cedf4be02ff6cf46ed736f5c1123ce629f788aaafad91eff0"},
    {file = "pyobjc_framework_ApplicationServices-11.0-cp313-cp313t-macosx_10_13_universal2.whl", hash = "sha256:44b466e8745fb49e8ac20f29f2ffd7895b45e97aa63a844b2a80a97c3a34346f"},
    {file = "pyobjc_framework_ApplicationServices-11.0-cp39-cp39-macosx_10_9_universal2.whl", hash = "sha256:74963e15a751d1454c1b8060914f116956e3a68f6a117c2163f491609125283b"},
    {file = "pyobjc_framework_applicationservices-11.0.tar.gz", hash = "sha256:d6ea18dfc7d5626a3ecf4ac72d510405c0d3a648ca38cae8db841acdebecf4d2"},
]

[package.dependencies]
pyobjc-core = ">=11.0"
pyobjc-framework-Cocoa = ">=11.0"
pyobjc-framework-CoreText = ">=11.0"
pyobjc-framework-Quartz = ">=11.0"

[[package]]
name = "pyobjc-framework-cocoa"
version = "11.0"
description = "Wrappers for the Cocoa frameworks on macOS"
optional = false
python-versions = ">=3.9"
groups = ["main"]
markers = "sys_platform == \"darwin\""
files = [
    {file = "pyobjc_framework_Cocoa-11.0-cp310-cp310-macosx_10_9_universal2.whl", hash = "sha256:fbc65f260d617d5463c7fb9dbaaffc23c9a4fabfe3b1a50b039b61870b8daefd"},
    {file = "pyobjc_framework_Cocoa-11.0-cp311-cp311-macosx_10_9_universal2.whl", hash = "sha256:3ea7be6e6dd801b297440de02d312ba3fa7fd3c322db747ae1cb237e975f5d33"},
    {file = "pyobjc_framework_Cocoa-11.0-cp312-cp312-macosx_10_13_universal2.whl", hash = "sha256:280a577b83c68175a28b2b7138d1d2d3111f2b2b66c30e86f81a19c2b02eae71"},
    {file = "pyobjc_framework_Cocoa-11.0-cp313-cp313-macosx_10_13_universal2.whl", hash = "sha256:15b2bd977ed340074f930f1330f03d42912d5882b697d78bd06f8ebe263ef92e"},
    {file = "pyobjc_framework_Cocoa-11.0-cp313-cp313t-macosx_10_13_universal2.whl", hash = "sha256:5750001db544e67f2b66f02067d8f0da96bb2ef71732bde104f01b8628f9d7ea"},
    {file = "pyobjc_framework_Cocoa-11.0-cp39-cp39-macosx_10_9_universal2.whl", hash = "sha256:ddff25b0755d59873d186e1e07d6aaddb19d55e3ae890d69ff2d9babf8627657"},
    {file = "pyobjc_framework_cocoa-11.0.tar.gz", hash = "sha256:00346a8cb81ad7b017b32ff7bf596000f9faa905807b1bd234644ebd47f692c5"},
]

[package.dependencies]
pyobjc-core = ">=11.0"

[[package]]
name = "pyobjc-framework-coretext"
version = "11.0"
description = "Wrappers for the framework CoreText on macOS"
optional = false
python-versions = ">=3.9"
groups = ["main"]
markers = "sys_platform == \"darwin\""
files = [
    {file = "pyobjc_framework_CoreText-11.0-cp310-cp310-macosx_10_9_universal2.whl", hash = "sha256:6939b4ea745b349b5c964823a2071f155f5defdc9b9fc3a13f036d859d7d0439"},
    {file = "pyobjc_framework_CoreText-11.0-cp311-cp311-macosx_10_9_universal2.whl", hash = "sha256:56a4889858308b0d9f147d568b4d91c441cc0ffd332497cb4f709bb1990450c1"},
    {file = "pyobjc_framework_CoreText-11.0-cp312-cp312-macosx_10_13_universal2.whl", hash = "sha256:fb90e7f370b3fd7cb2fb442e3dc63fedf0b4af6908db1c18df694d10dc94669d"},
    {file = "pyobjc_framework_CoreText-11.0-cp313-cp313-macosx_10_13_universal2.whl", hash = "sha256:7947f755782456bd663e0b00c7905eeffd10f839f0bf2af031f68ded6a1ea360"},
    {file = "pyobjc_framework_CoreText-11.0-cp313-cp313t-macosx_10_13_universal2.whl", hash = "sha256:5356116bae33ec49f1f212c301378a7d08000440a2d6a7281aab351945528ab9"},
    {file = "pyobjc_framework_CoreText-11.0-cp39-cp39-macosx_10_9_universal2.whl", hash = "sha256:4a76e1307747f2ee8180d38844cd62b8bb1701b4203d9234cc41f6603d4ae654"},
    {file = "pyobjc_framework_coretext-11.0.tar.gz", hash = "sha256:a68437153e627847e3898754dd3f13ae0cb852246b016a91f9c9cbccb9f91a43"},
]

[package.dependencies]
pyobjc-core = ">=11.0"
pyobjc-framework-Cocoa = ">=11.0"
pyobjc-framework-Quartz = ">=11.0"

[[package]]
name = "pyobjc-framework-quartz"
version = "11.0"
description = "Wrappers for the Quartz frameworks on macOS"
optional = false
python-versions = ">=3.9"
groups = ["main"]
markers = "sys_platform == \"darwin\""
files = [
    {file = "pyobjc_framework_Quartz-11.0-cp310-cp310-macosx_10_9_universal2.whl", hash = "sha256:da3ab13c9f92361959b41b0ad4cdd41ae872f90a6d8c58a9ed699bc08ab1c45c"},
    {file = "pyobjc_framework_Quartz-11.0-cp311-cp311-macosx_10_9_universal2.whl", hash = "sha256:d251696bfd8e8ef72fbc90eb29fec95cb9d1cc409008a183d5cc3246130ae8c2"},
    {file = "pyobjc_framework_Quartz-11.0-cp312-cp312-macosx_10_13_universal2.whl", hash = "sha256:cb4a9f2d9d580ea15e25e6b270f47681afb5689cafc9e25712445ce715bcd18e"},
    {file = "pyobjc_framework_Quartz-11.0-cp313-cp313-macosx_10_13_universal2.whl", hash = "sha256:973b4f9b8ab844574461a038bd5269f425a7368d6e677e3cc81fcc9b27b65498"},
    {file = "pyobjc_framework_Quartz-11.0-cp313-cp313t-macosx_10_13_universal2.whl", hash = "sha256:66ab58d65348863b8707e63b2ec5cdc54569ee8189d1af90d52f29f5fdf6272c"},
    {file = "pyobjc_framework_Quartz-11.0-cp39-cp39-macosx_10_9_universal2.whl", hash = "sha256:1032f63f2a4ee98366764e69c249f1d93813821e17d224cf626cf11fb1801fc4"},
    {file = "pyobjc_framework_quartz-11.0.tar.gz", hash = "sha256:3205bf7795fb9ae34747f701486b3db6dfac71924894d1f372977c4d70c3c619"},
]

[package.dependencies]
pyobjc-core = ">=11.0"
pyobjc-framework-Cocoa = ">=11.0"

[[package]]
name = "python-xlib"
version = "0.33"
description = "Python X Library"
optional = false
python-versions = "*"
groups = ["main"]
markers = "\"linux\" in sys_platform"
files = [
    {file = "python-xlib-0.33.tar.gz", hash = "sha256:55af7906a2c75ce6cb280a584776080602444f75815a7aff4d287bb2d7018b32"},
    {file = "python_xlib-0.33-py2.py3-none-any.whl", hash = "sha256:c3534038d42e0df2f1392a1b30a15a4ff5fdc2b86cfa94f072bf11b10a164398"},
]

[package.dependencies]
six = ">=1.10.0"

[[package]]
name = "rich"
version = "14.0.0"
description = "Render rich text, tables, progress bars, syntax highlighting, markdown and more to the terminal"
optional = false
python-versions = ">=3.8.0"
groups = ["main"]
files = [
    {file = "rich-14.0.0-py3-none-any.whl", hash = "sha256:1c9491e1951aac09caffd42f448ee3d04e58923ffe14993f6e83068dc395d7e0"},
    {file = "rich-14.0.0.tar.gz", hash = "sha256:82f1bc23a6a21ebca4ae0c45af9bdbc492ed20231dcb63f297d6d1021a9d5725"},
]

[package.dependencies]
markdown-it-py = ">=2.2.0"
pygments = ">=2.13.0,<3.0.0"
typing-extensions = {version = ">=4.0.0,<5.0", markers = "python_version < \"3.11\""}

[package.extras]
jupyter = ["ipywidgets (>=7.5.1,<9)"]

[[package]]
name = "ruff"
version = "0.11.12"
description = "An extremely fast Python linter and code formatter, written in Rust."
optional = false
python-versions = ">=3.7"
groups = ["dev"]
files = [
    {file = "ruff-0.11.12-py3-none-linux_armv6l.whl", hash = "sha256:c7680aa2f0d4c4f43353d1e72123955c7a2159b8646cd43402de6d4a3a25d7cc"},
    {file = "ruff-0.11.12-py3-none-macosx_10_12_x86_64.whl", hash = "sha256:2cad64843da9f134565c20bcc430642de897b8ea02e2e79e6e02a76b8dcad7c3"},
    {file = "ruff-0.11.12-py3-none-macosx_11_0_arm64.whl", hash = "sha256:9b6886b524a1c659cee1758140138455d3c029783d1b9e643f3624a5ee0cb0aa"},
    {file = "ruff-0.11.12-py3-none-manylinux_2_17_aarch64.manylinux2014_aarch64.whl", hash = "sha256:3cc3a3690aad6e86c1958d3ec3c38c4594b6ecec75c1f531e84160bd827b2012"},
    {file = "ruff-0.11.12-py3-none-manylinux_2_17_armv7l.manylinux2014_armv7l.whl", hash = "sha256:f97fdbc2549f456c65b3b0048560d44ddd540db1f27c778a938371424b49fe4a"},
    {file = "ruff-0.11.12-py3-none-manylinux_2_17_i686.manylinux2014_i686.whl", hash = "sha256:74adf84960236961090e2d1348c1a67d940fd12e811a33fb3d107df61eef8fc7"},
    {file = "ruff-0.11.12-py3-none-manylinux_2_17_ppc64.manylinux2014_ppc64.whl", hash = "sha256:b56697e5b8bcf1d61293ccfe63873aba08fdbcbbba839fc046ec5926bdb25a3a"},
    {file = "ruff-0.11.12-py3-none-manylinux_2_17_ppc64le.manylinux2014_ppc64le.whl", hash = "sha256:4d47afa45e7b0eaf5e5969c6b39cbd108be83910b5c74626247e366fd7a36a13"},
    {file = "ruff-0.11.12-py3-none-manylinux_2_17_s390x.manylinux2014_s390x.whl", hash = "sha256:692bf9603fe1bf949de8b09a2da896f05c01ed7a187f4a386cdba6760e7f61be"},
    {file = "ruff-0.11.12-py3-none-manylinux_2_17_x86_64.manylinux2014_x86_64.whl", hash = "sha256:08033320e979df3b20dba567c62f69c45e01df708b0f9c83912d7abd3e0801cd"},
    {file = "ruff-0.11.12-py3-none-musllinux_1_2_aarch64.whl", hash = "sha256:929b7706584f5bfd61d67d5070f399057d07c70585fa8c4491d78ada452d3bef"},
    {file = "ruff-0.11.12-py3-none-musllinux_1_2_armv7l.whl", hash = "sha256:7de4a73205dc5756b8e09ee3ed67c38312dce1aa28972b93150f5751199981b5"},
    {file = "ruff-0.11.12-py3-none-musllinux_1_2_i686.whl", hash = "sha256:2635c2a90ac1b8ca9e93b70af59dfd1dd2026a40e2d6eebaa3efb0465dd9cf02"},
    {file = "ruff-0.11.12-py3-none-musllinux_1_2_x86_64.whl", hash = "sha256:d05d6a78a89166f03f03a198ecc9d18779076ad0eec476819467acb401028c0c"},
    {file = "ruff-0.11.12-py3-none-win32.whl", hash = "sha256:f5a07f49767c4be4772d161bfc049c1f242db0cfe1bd976e0f0886732a4765d6"},
    {file = "ruff-0.11.12-py3-none-win_amd64.whl", hash = "sha256:5a4d9f8030d8c3a45df201d7fb3ed38d0219bccd7955268e863ee4a115fa0832"},
    {file = "ruff-0.11.12-py3-none-win_arm64.whl", hash = "sha256:65194e37853158d368e333ba282217941029a28ea90913c67e558c611d04daa5"},
    {file = "ruff-0.11.12.tar.gz", hash = "sha256:43cf7f69c7d7c7d7513b9d59c5d8cafd704e05944f978614aa9faff6ac202603"},
]

[[package]]
name = "shellingham"
version = "1.5.4"
description = "Tool to Detect Surrounding Shell"
optional = false
python-versions = ">=3.7"
groups = ["main"]
files = [
    {file = "shellingham-1.5.4-py2.py3-none-any.whl", hash = "sha256:7ecfff8f2fd72616f7481040475a65b2bf8af90a56c89140852d1120324e8686"},
    {file = "shellingham-1.5.4.tar.gz", hash = "sha256:8dbca0739d487e5bd35ab3ca4b36e11c4078f3a234bfce294b0a0291363404de"},
]

[[package]]
name = "six"
version = "1.17.0"
description = "Python 2 and 3 compatibility utilities"
optional = false
python-versions = "!=3.0.*,!=3.1.*,!=3.2.*,>=2.7"
groups = ["main"]
files = [
    {file = "six-1.17.0-py2.py3-none-any.whl", hash = "sha256:4721f391ed90541fddacab5acf947aa0d3dc7d27b2e1e8eda2be8970586c3274"},
    {file = "six-1.17.0.tar.gz", hash = "sha256:ff70335d468e7eb6ec65b95b99d3a2836546063f63acc5171de367e834932a81"},
]

[[package]]
name = "typer"
version = "0.16.0"
description = "Typer, build great CLIs. Easy to code. Based on Python type hints."
optional = false
python-versions = ">=3.7"
groups = ["main"]
files = [
    {file = "typer-0.16.0-py3-none-any.whl", hash = "sha256:1f79bed11d4d02d4310e3c1b7ba594183bcedb0ac73b27a9e5f28f6fb5b98855"},
    {file = "typer-0.16.0.tar.gz", hash = "sha256:af377ffaee1dbe37ae9440cb4e8f11686ea5ce4e9bae01b84ae7c63b87f1dd3b"},
]

[package.dependencies]
click = ">=8.0.0"
rich = ">=10.11.0"
shellingham = ">=1.3.0"
typing-extensions = ">=3.7.4.3"

[[package]]
name = "typing-extensions"
version = "4.14.0"
description = "Backported and Experimental Type Hints for Python 3.9+"
optional = false
python-versions = ">=3.9"
groups = ["main"]
files = [
    {file = "typing_extensions-4.14.0-py3-none-any.whl", hash = "sha256:a1514509136dd0b477638fc68d6a91497af5076466ad0fa6c338e44e359944af"},
    {file = "typing_extensions-4.14.0.tar.gz", hash = "sha256:8676b788e32f02ab42d9e7c61324048ae4c6d844a399eebace3d4979d75ceef4"},
]

[[package]]
name = "xlib"
version = "0.21"
description = "Python X Library"
optional = false
python-versions = "*"
groups = ["main"]
files = [
    {file = "xlib-0.21-py2.py3-none-any.whl", hash = "sha256:8eee67dad83ef4b82bbbfa85d51eeb20c79d12b119fe25aa1d27bd602ff82212"},
    {file = "xlib-0.21.tar.gz", hash = "sha256:60b7cd5d90f5d5922d9ce27b61589c07d970796558d417461db7b66e366bc401"},
]

[package.dependencies]
six = ">=1.10.0"

[metadata]
lock-version = "2.1"
python-versions = ">=3.10"
content-hash = "ce7f810e5e88b3b4687456027bff925538661d5bdfcc2c2027730a5ba3b38508"
